
Microsoft Visual Studio Solution File, Format Version 12.00
# Visual Studio 2012
Project("{FAE04EC0-301F-11D3-BF4B-00C04F79EFBC}") = "WifiManager", "WifiManager\WifiManager.csproj", "{BDB16238-A06A-45FF-A508-7F0596592749}"
EndProject
Global
	GlobalSection(SolutionConfigurationPlatforms) = preSolution
		Debug|Any CPU = Debug|Any CPU
		Release|Any CPU = Release|Any CPU
	EndGlobalSection
	GlobalSection(ProjectConfigurationPlatforms) = postSolution
		{BDB16238-A06A-45FF-A508-7F0596592749}.Debug|Any CPU.ActiveCfg = Debug|Any CPU
		{BDB16238-A06A-45FF-A508-7F0596592749}.Debug|Any CPU.Build.0 = Debug|Any CPU
		{BDB16238-A06A-45FF-A508-7F0596592749}.Release|Any CPU.ActiveCfg = Release|Any CPU
		{BDB16238-A06A-45FF-A508-7F0596592749}.Release|Any CPU.Build.0 = Release|Any CPU
	EndGlobalSection
	GlobalSection(SolutionProperties) = preSolution
		HideSolutionNode = FALSE
	EndGlobalSection
EndGlobal
